
Microsoft Visual Studio Solution File, Format Version 12.00
# Visual Studio 15
VisualStudioVersion = 15.0.26228.9
MinimumVisualStudioVersion = 10.0.40219.1
Project("{FAE04EC0-301F-11D3-BF4B-00C04F79EFBC}") = "EscuelasDeportivas.Android", "EscuelasDeportivas\EscuelasDeportivas.Android\EscuelasDeportivas.Android.csproj", "{9C3A4B95-F271-4C2D-955C-6B34B282542B}"
EndProject
Project("{FAE04EC0-301F-11D3-BF4B-00C04F79EFBC}") = "EscuelasDeportivas", "EscuelasDeportivas\EscuelasDeportivas\EscuelasDeportivas.csproj", "{A754CAF5-9530-4EE5-99A4-F088C1CE81C9}"
EndProject
Project("{FAE04EC0-301F-11D3-BF4B-00C04F79EFBC}") = "EscuelasDeportivas.iOS", "EscuelasDeportivas\EscuelasDeportivas.iOS\EscuelasDeportivas.iOS.csproj", "{8C0D363B-7358-4AAC-A279-436C6B05D763}"
EndProject
Project("{FAE04EC0-301F-11D3-BF4B-00C04F79EFBC}") = "EscuelasDeportivas.Service", "EscuelasDeportivas.Service\EscuelasDeportivas.Service.csproj", "{96AB56AD-569E-466A-AC22-8A7DBFC4B5BF}"
EndProject
Global
	GlobalSection(SolutionConfigurationPlatforms) = preSolution
		Ad-Hoc|Any CPU = Ad-Hoc|Any CPU
		Ad-Hoc|ARM = Ad-Hoc|ARM
		Ad-Hoc|iPhone = Ad-Hoc|iPhone
		Ad-Hoc|iPhoneSimulator = Ad-Hoc|iPhoneSimulator
		Ad-Hoc|x64 = Ad-Hoc|x64
		Ad-Hoc|x86 = Ad-Hoc|x86
		AppStore|Any CPU = AppStore|Any CPU
		AppStore|ARM = AppStore|ARM
		AppStore|iPhone = AppStore|iPhone
		AppStore|iPhoneSimulator = AppStore|iPhoneSimulator
		AppStore|x64 = AppStore|x64
		AppStore|x86 = AppStore|x86
		Debug|Any CPU = Debug|Any CPU
		Debug|ARM = Debug|ARM
		Debug|iPhone = Debug|iPhone
		Debug|iPhoneSimulator = Debug|iPhoneSimulator
		Debug|x64 = Debug|x64
		Debug|x86 = Debug|x86
		Release|Any CPU = Release|Any CPU
		Release|ARM = Release|ARM
		Release|iPhone = Release|iPhone
		Release|iPhoneSimulator = Release|iPhoneSimulator
		Release|x64 = Release|x64
		Release|x86 = Release|x86
	EndGlobalSection
	GlobalSection(ProjectConfigurationPlatforms) = postSolution
		{9C3A4B95-F271-4C2D-955C-6B34B282542B}.Ad-Hoc|Any CPU.ActiveCfg = Release|Any CPU
		{9C3A4B95-F271-4C2D-955C-6B34B282542B}.Ad-Hoc|Any CPU.Build.0 = Release|Any CPU
		{9C3A4B95-F271-4C2D-955C-6B34B282542B}.Ad-Hoc|Any CPU.Deploy.0 = Release|Any CPU
		{9C3A4B95-F271-4C2D-955C-6B34B282542B}.Ad-Hoc|ARM.ActiveCfg = Release|Any CPU
		{9C3A4B95-F271-4C2D-955C-6B34B282542B}.Ad-Hoc|ARM.Build.0 = Release|Any CPU
		{9C3A4B95-F271-4C2D-955C-6B34B282542B}.Ad-Hoc|ARM.Deploy.0 = Release|Any CPU
		{9C3A4B95-F271-4C2D-955C-6B34B282542B}.Ad-Hoc|iPhone.ActiveCfg = Release|Any CPU
		{9C3A4B95-F271-4C2D-955C-6B34B282542B}.Ad-Hoc|iPhone.Build.0 = Release|Any CPU
		{9C3A4B95-F271-4C2D-955C-6B34B282542B}.Ad-Hoc|iPhone.Deploy.0 = Release|Any CPU
		{9C3A4B95-F271-4C2D-955C-6B34B282542B}.Ad-Hoc|iPhoneSimulator.ActiveCfg = Release|Any CPU
		{9C3A4B95-F271-4C2D-955C-6B34B282542B}.Ad-Hoc|iPhoneSimulator.Build.0 = Release|Any CPU
		{9C3A4B95-F271-4C2D-955C-6B34B282542B}.Ad-Hoc|iPhoneSimulator.Deploy.0 = Release|Any CPU
		{9C3A4B95-F271-4C2D-955C-6B34B282542B}.Ad-Hoc|x64.ActiveCfg = Release|Any CPU
		{9C3A4B95-F271-4C2D-955C-6B34B282542B}.Ad-Hoc|x64.Build.0 = Release|Any CPU
		{9C3A4B95-F271-4C2D-955C-6B34B282542B}.Ad-Hoc|x64.Deploy.0 = Release|Any CPU
		{9C3A4B95-F271-4C2D-955C-6B34B282542B}.Ad-Hoc|x86.ActiveCfg = Release|Any CPU
		{9C3A4B95-F271-4C2D-955C-6B34B282542B}.Ad-Hoc|x86.Build.0 = Release|Any CPU
		{9C3A4B95-F271-4C2D-955C-6B34B282542B}.Ad-Hoc|x86.Deploy.0 = Release|Any CPU
		{9C3A4B95-F271-4C2D-955C-6B34B282542B}.AppStore|Any CPU.ActiveCfg = Release|Any CPU
		{9C3A4B95-F271-4C2D-955C-6B34B282542B}.AppStore|Any CPU.Build.0 = Release|Any CPU
		{9C3A4B95-F271-4C2D-955C-6B34B282542B}.AppStore|Any CPU.Deploy.0 = Release|Any CPU
		{9C3A4B95-F271-4C2D-955C-6B34B282542B}.AppStore|ARM.ActiveCfg = Release|Any CPU
		{9C3A4B95-F271-4C2D-955C-6B34B282542B}.AppStore|ARM.Build.0 = Release|Any CPU
		{9C3A4B95-F271-4C2D-955C-6B34B282542B}.AppStore|ARM.Deploy.0 = Release|Any CPU
		{9C3A4B95-F271-4C2D-955C-6B34B282542B}.AppStore|iPhone.ActiveCfg = Release|Any CPU
		{9C3A4B95-F271-4C2D-955C-6B34B282542B}.AppStore|iPhone.Build.0 = Release|Any CPU
		{9C3A4B95-F271-4C2D-955C-6B34B282542B}.AppStore|iPhone.Deploy.0 = Release|Any CPU
		{9C3A4B95-F271-4C2D-955C-6B34B282542B}.AppStore|iPhoneSimulator.ActiveCfg = Release|Any CPU
		{9C3A4B95-F271-4C2D-955C-6B34B282542B}.AppStore|iPhoneSimulator.Build.0 = Release|Any CPU
		{9C3A4B95-F271-4C2D-955C-6B34B282542B}.AppStore|iPhoneSimulator.Deploy.0 = Release|Any CPU
		{9C3A4B95-F271-4C2D-955C-6B34B282542B}.AppStore|x64.ActiveCfg = Release|Any CPU
		{9C3A4B95-F271-4C2D-955C-6B34B282542B}.AppStore|x64.Build.0 = Release|Any CPU
		{9C3A4B95-F271-4C2D-955C-6B34B282542B}.AppStore|x64.Deploy.0 = Release|Any CPU
		{9C3A4B95-F271-4C2D-955C-6B34B282542B}.AppStore|x86.ActiveCfg = Release|Any CPU
		{9C3A4B95-F271-4C2D-955C-6B34B282542B}.AppStore|x86.Build.0 = Release|Any CPU
		{9C3A4B95-F271-4C2D-955C-6B34B282542B}.AppStore|x86.Deploy.0 = Release|Any CPU
		{9C3A4B95-F271-4C2D-955C-6B34B282542B}.Debug|Any CPU.ActiveCfg = Debug|Any CPU
		{9C3A4B95-F271-4C2D-955C-6B34B282542B}.Debug|Any CPU.Build.0 = Debug|Any CPU
		{9C3A4B95-F271-4C2D-955C-6B34B282542B}.Debug|Any CPU.Deploy.0 = Debug|Any CPU
		{9C3A4B95-F271-4C2D-955C-6B34B282542B}.Debug|ARM.ActiveCfg = Debug|Any CPU
		{9C3A4B95-F271-4C2D-955C-6B34B282542B}.Debug|ARM.Build.0 = Debug|Any CPU
		{9C3A4B95-F271-4C2D-955C-6B34B282542B}.Debug|ARM.Deploy.0 = Debug|Any CPU
		{9C3A4B95-F271-4C2D-955C-6B34B282542B}.Debug|iPhone.ActiveCfg = Debug|Any CPU
		{9C3A4B95-F271-4C2D-955C-6B34B282542B}.Debug|iPhone.Build.0 = Debug|Any CPU
		{9C3A4B95-F271-4C2D-955C-6B34B282542B}.Debug|iPhone.Deploy.0 = Debug|Any CPU
		{9C3A4B95-F271-4C2D-955C-6B34B282542B}.Debug|iPhoneSimulator.ActiveCfg = Debug|Any CPU
		{9C3A4B95-F271-4C2D-955C-6B34B282542B}.Debug|iPhoneSimulator.Build.0 = Debug|Any CPU
		{9C3A4B95-F271-4C2D-955C-6B34B282542B}.Debug|iPhoneSimulator.Deploy.0 = Debug|Any CPU
		{9C3A4B95-F271-4C2D-955C-6B34B282542B}.Debug|x64.ActiveCfg = Debug|Any CPU
		{9C3A4B95-F271-4C2D-955C-6B34B282542B}.Debug|x64.Build.0 = Debug|Any CPU
		{9C3A4B95-F271-4C2D-955C-6B34B282542B}.Debug|x64.Deploy.0 = Debug|Any CPU
		{9C3A4B95-F271-4C2D-955C-6B34B282542B}.Debug|x86.ActiveCfg = Debug|Any CPU
		{9C3A4B95-F271-4C2D-955C-6B34B282542B}.Debug|x86.Build.0 = Debug|Any CPU
		{9C3A4B95-F271-4C2D-955C-6B34B282542B}.Debug|x86.Deploy.0 = Debug|Any CPU
		{9C3A4B95-F271-4C2D-955C-6B34B282542B}.Release|Any CPU.ActiveCfg = Release|Any CPU
		{9C3A4B95-F271-4C2D-955C-6B34B282542B}.Release|Any CPU.Build.0 = Release|Any CPU
		{9C3A4B95-F271-4C2D-955C-6B34B282542B}.Release|Any CPU.Deploy.0 = Release|Any CPU
		{9C3A4B95-F271-4C2D-955C-6B34B282542B}.Release|ARM.ActiveCfg = Release|Any CPU
		{9C3A4B95-F271-4C2D-955C-6B34B282542B}.Release|ARM.Build.0 = Release|Any CPU
		{9C3A4B95-F271-4C2D-955C-6B34B282542B}.Release|ARM.Deploy.0 = Release|Any CPU
		{9C3A4B95-F271-4C2D-955C-6B34B282542B}.Release|iPhone.ActiveCfg = Release|Any CPU
		{9C3A4B95-F271-4C2D-955C-6B34B282542B}.Release|iPhone.Build.0 = Release|Any CPU
		{9C3A4B95-F271-4C2D-955C-6B34B282542B}.Release|iPhone.Deploy.0 = Release|Any CPU
		{9C3A4B95-F271-4C2D-955C-6B34B282542B}.Release|iPhoneSimulator.ActiveCfg = Release|Any CPU
		{9C3A4B95-F271-4C2D-955C-6B34B282542B}.Release|iPhoneSimulator.Build.0 = Release|Any CPU
		{9C3A4B95-F271-4C2D-955C-6B34B282542B}.Release|iPhoneSimulator.Deploy.0 = Release|Any CPU
		{9C3A4B95-F271-4C2D-955C-6B34B282542B}.Release|x64.ActiveCfg = Release|Any CPU
		{9C3A4B95-F271-4C2D-955C-6B34B282542B}.Release|x64.Build.0 = Release|Any CPU
		{9C3A4B95-F271-4C2D-955C-6B34B282542B}.Release|x64.Deploy.0 = Release|Any CPU
		{9C3A4B95-F271-4C2D-955C-6B34B282542B}.Release|x86.ActiveCfg = Release|Any CPU
		{9C3A4B95-F271-4C2D-955C-6B34B282542B}.Release|x86.Build.0 = Release|Any CPU
		{9C3A4B95-F271-4C2D-955C-6B34B282542B}.Release|x86.Deploy.0 = Release|Any CPU
		{A754CAF5-9530-4EE5-99A4-F088C1CE81C9}.Ad-Hoc|Any CPU.ActiveCfg = Release|Any CPU
		{A754CAF5-9530-4EE5-99A4-F088C1CE81C9}.Ad-Hoc|Any CPU.Build.0 = Release|Any CPU
		{A754CAF5-9530-4EE5-99A4-F088C1CE81C9}.Ad-Hoc|ARM.ActiveCfg = Release|Any CPU
		{A754CAF5-9530-4EE5-99A4-F088C1CE81C9}.Ad-Hoc|ARM.Build.0 = Release|Any CPU
		{A754CAF5-9530-4EE5-99A4-F088C1CE81C9}.Ad-Hoc|iPhone.ActiveCfg = Release|Any CPU
		{A754CAF5-9530-4EE5-99A4-F088C1CE81C9}.Ad-Hoc|iPhone.Build.0 = Release|Any CPU
		{A754CAF5-9530-4EE5-99A4-F088C1CE81C9}.Ad-Hoc|iPhoneSimulator.ActiveCfg = Release|Any CPU
		{A754CAF5-9530-4EE5-99A4-F088C1CE81C9}.Ad-Hoc|iPhoneSimulator.Build.0 = Release|Any CPU
		{A754CAF5-9530-4EE5-99A4-F088C1CE81C9}.Ad-Hoc|x64.ActiveCfg = Release|Any CPU
		{A754CAF5-9530-4EE5-99A4-F088C1CE81C9}.Ad-Hoc|x64.Build.0 = Release|Any CPU
		{A754CAF5-9530-4EE5-99A4-F088C1CE81C9}.Ad-Hoc|x86.ActiveCfg = Release|Any CPU
		{A754CAF5-9530-4EE5-99A4-F088C1CE81C9}.Ad-Hoc|x86.Build.0 = Release|Any CPU
		{A754CAF5-9530-4EE5-99A4-F088C1CE81C9}.AppStore|Any CPU.ActiveCfg = Release|Any CPU
		{A754CAF5-9530-4EE5-99A4-F088C1CE81C9}.AppStore|Any CPU.Build.0 = Release|Any CPU
		{A754CAF5-9530-4EE5-99A4-F088C1CE81C9}.AppStore|ARM.ActiveCfg = Release|Any CPU
		{A754CAF5-9530-4EE5-99A4-F088C1CE81C9}.AppStore|ARM.Build.0 = Release|Any CPU
		{A754CAF5-9530-4EE5-99A4-F088C1CE81C9}.AppStore|iPhone.ActiveCfg = Release|Any CPU
		{A754CAF5-9530-4EE5-99A4-F088C1CE81C9}.AppStore|iPhone.Build.0 = Release|Any CPU
		{A754CAF5-9530-4EE5-99A4-F088C1CE81C9}.AppStore|iPhoneSimulator.ActiveCfg = Release|Any CPU
		{A754CAF5-9530-4EE5-99A4-F088C1CE81C9}.AppStore|iPhoneSimulator.Build.0 = Release|Any CPU
		{A754CAF5-9530-4EE5-99A4-F088C1CE81C9}.AppStore|x64.ActiveCfg = Release|Any CPU
		{A754CAF5-9530-4EE5-99A4-F088C1CE81C9}.AppStore|x64.Build.0 = Release|Any CPU
		{A754CAF5-9530-4EE5-99A4-F088C1CE81C9}.AppStore|x86.ActiveCfg = Release|Any CPU
		{A754CAF5-9530-4EE5-99A4-F088C1CE81C9}.AppStore|x86.Build.0 = Release|Any CPU
		{A754CAF5-9530-4EE5-99A4-F088C1CE81C9}.Debug|Any CPU.ActiveCfg = Debug|Any CPU
		{A754CAF5-9530-4EE5-99A4-F088C1CE81C9}.Debug|Any CPU.Build.0 = Debug|Any CPU
		{A754CAF5-9530-4EE5-99A4-F088C1CE81C9}.Debug|ARM.ActiveCfg = Debug|Any CPU
		{A754CAF5-9530-4EE5-99A4-F088C1CE81C9}.Debug|ARM.Build.0 = Debug|Any CPU
		{A754CAF5-9530-4EE5-99A4-F088C1CE81C9}.Debug|iPhone.ActiveCfg = Debug|Any CPU
		{A754CAF5-9530-4EE5-99A4-F088C1CE81C9}.Debug|iPhone.Build.0 = Debug|Any CPU
		{A754CAF5-9530-4EE5-99A4-F088C1CE81C9}.Debug|iPhoneSimulator.ActiveCfg = Debug|Any CPU
		{A754CAF5-9530-4EE5-99A4-F088C1CE81C9}.Debug|iPhoneSimulator.Build.0 = Debug|Any CPU
		{A754CAF5-9530-4EE5-99A4-F088C1CE81C9}.Debug|x64.ActiveCfg = Debug|Any CPU
		{A754CAF5-9530-4EE5-99A4-F088C1CE81C9}.Debug|x64.Build.0 = Debug|Any CPU
		{A754CAF5-9530-4EE5-99A4-F088C1CE81C9}.Debug|x86.ActiveCfg = Debug|Any CPU
		{A754CAF5-9530-4EE5-99A4-F088C1CE81C9}.Debug|x86.Build.0 = Debug|Any CPU
		{A754CAF5-9530-4EE5-99A4-F088C1CE81C9}.Release|Any CPU.ActiveCfg = Release|Any CPU
		{A754CAF5-9530-4EE5-99A4-F088C1CE81C9}.Release|Any CPU.Build.0 = Release|Any CPU
		{A754CAF5-9530-4EE5-99A4-F088C1CE81C9}.Release|ARM.ActiveCfg = Release|Any CPU
		{A754CAF5-9530-4EE5-99A4-F088C1CE81C9}.Release|ARM.Build.0 = Release|Any CPU
		{A754CAF5-9530-4EE5-99A4-F088C1CE81C9}.Release|iPhone.ActiveCfg = Release|Any CPU
		{A754CAF5-9530-4EE5-99A4-F088C1CE81C9}.Release|iPhone.Build.0 = Release|Any CPU
		{A754CAF5-9530-4EE5-99A4-F088C1CE81C9}.Release|iPhoneSimulator.ActiveCfg = Release|Any CPU
		{A754CAF5-9530-4EE5-99A4-F088C1CE81C9}.Release|iPhoneSimulator.Build.0 = Release|Any CPU
		{A754CAF5-9530-4EE5-99A4-F088C1CE81C9}.Release|x64.ActiveCfg = Release|Any CPU
		{A754CAF5-9530-4EE5-99A4-F088C1CE81C9}.Release|x64.Build.0 = Release|Any CPU
		{A754CAF5-9530-4EE5-99A4-F088C1CE81C9}.Release|x86.ActiveCfg = Release|Any CPU
		{A754CAF5-9530-4EE5-99A4-F088C1CE81C9}.Release|x86.Build.0 = Release|Any CPU
		{8C0D363B-7358-4AAC-A279-436C6B05D763}.Ad-Hoc|Any CPU.ActiveCfg = Ad-Hoc|iPhone
		{8C0D363B-7358-4AAC-A279-436C6B05D763}.Ad-Hoc|ARM.ActiveCfg = Ad-Hoc|iPhone
		{8C0D363B-7358-4AAC-A279-436C6B05D763}.Ad-Hoc|iPhone.ActiveCfg = Ad-Hoc|iPhone
		{8C0D363B-7358-4AAC-A279-436C6B05D763}.Ad-Hoc|iPhone.Build.0 = Ad-Hoc|iPhone
		{8C0D363B-7358-4AAC-A279-436C6B05D763}.Ad-Hoc|iPhoneSimulator.ActiveCfg = Ad-Hoc|iPhoneSimulator
		{8C0D363B-7358-4AAC-A279-436C6B05D763}.Ad-Hoc|iPhoneSimulator.Build.0 = Ad-Hoc|iPhoneSimulator
		{8C0D363B-7358-4AAC-A279-436C6B05D763}.Ad-Hoc|x64.ActiveCfg = Ad-Hoc|iPhone
		{8C0D363B-7358-4AAC-A279-436C6B05D763}.Ad-Hoc|x86.ActiveCfg = Ad-Hoc|iPhone
		{8C0D363B-7358-4AAC-A279-436C6B05D763}.AppStore|Any CPU.ActiveCfg = AppStore|iPhone
		{8C0D363B-7358-4AAC-A279-436C6B05D763}.AppStore|ARM.ActiveCfg = AppStore|iPhone
		{8C0D363B-7358-4AAC-A279-436C6B05D763}.AppStore|iPhone.ActiveCfg = AppStore|iPhone
		{8C0D363B-7358-4AAC-A279-436C6B05D763}.AppStore|iPhone.Build.0 = AppStore|iPhone
		{8C0D363B-7358-4AAC-A279-436C6B05D763}.AppStore|iPhoneSimulator.ActiveCfg = AppStore|iPhoneSimulator
		{8C0D363B-7358-4AAC-A279-436C6B05D763}.AppStore|iPhoneSimulator.Build.0 = AppStore|iPhoneSimulator
		{8C0D363B-7358-4AAC-A279-436C6B05D763}.AppStore|x64.ActiveCfg = AppStore|iPhone
		{8C0D363B-7358-4AAC-A279-436C6B05D763}.AppStore|x86.ActiveCfg = AppStore|iPhone
		{8C0D363B-7358-4AAC-A279-436C6B05D763}.Debug|Any CPU.ActiveCfg = Debug|iPhone
		{8C0D363B-7358-4AAC-A279-436C6B05D763}.Debug|ARM.ActiveCfg = Debug|iPhone
		{8C0D363B-7358-4AAC-A279-436C6B05D763}.Debug|iPhone.ActiveCfg = Debug|iPhone
		{8C0D363B-7358-4AAC-A279-436C6B05D763}.Debug|iPhone.Build.0 = Debug|iPhone
		{8C0D363B-7358-4AAC-A279-436C6B05D763}.Debug|iPhoneSimulator.ActiveCfg = Debug|iPhoneSimulator
		{8C0D363B-7358-4AAC-A279-436C6B05D763}.Debug|iPhoneSimulator.Build.0 = Debug|iPhoneSimulator
		{8C0D363B-7358-4AAC-A279-436C6B05D763}.Debug|x64.ActiveCfg = Debug|iPhone
		{8C0D363B-7358-4AAC-A279-436C6B05D763}.Debug|x86.ActiveCfg = Debug|iPhone
		{8C0D363B-7358-4AAC-A279-436C6B05D763}.Release|Any CPU.ActiveCfg = Release|iPhone
		{8C0D363B-7358-4AAC-A279-436C6B05D763}.Release|ARM.ActiveCfg = Release|iPhone
		{8C0D363B-7358-4AAC-A279-436C6B05D763}.Release|iPhone.ActiveCfg = Release|iPhone
		{8C0D363B-7358-4AAC-A279-436C6B05D763}.Release|iPhone.Build.0 = Release|iPhone
		{8C0D363B-7358-4AAC-A279-436C6B05D763}.Release|iPhoneSimulator.ActiveCfg = Release|iPhoneSimulator
		{8C0D363B-7358-4AAC-A279-436C6B05D763}.Release|iPhoneSimulator.Build.0 = Release|iPhoneSimulator
		{8C0D363B-7358-4AAC-A279-436C6B05D763}.Release|x64.ActiveCfg = Release|iPhone
		{8C0D363B-7358-4AAC-A279-436C6B05D763}.Release|x86.ActiveCfg = Release|iPhone
		{96AB56AD-569E-466A-AC22-8A7DBFC4B5BF}.Ad-Hoc|Any CPU.ActiveCfg = Release|Any CPU
		{96AB56AD-569E-466A-AC22-8A7DBFC4B5BF}.Ad-Hoc|Any CPU.Build.0 = Release|Any CPU
		{96AB56AD-569E-466A-AC22-8A7DBFC4B5BF}.Ad-Hoc|ARM.ActiveCfg = Release|Any CPU
		{96AB56AD-569E-466A-AC22-8A7DBFC4B5BF}.Ad-Hoc|ARM.Build.0 = Release|Any CPU
		{96AB56AD-569E-466A-AC22-8A7DBFC4B5BF}.Ad-Hoc|iPhone.ActiveCfg = Release|Any CPU
		{96AB56AD-569E-466A-AC22-8A7DBFC4B5BF}.Ad-Hoc|iPhone.Build.0 = Release|Any CPU
		{96AB56AD-569E-466A-AC22-8A7DBFC4B5BF}.Ad-Hoc|iPhoneSimulator.ActiveCfg = Release|Any CPU
		{96AB56AD-569E-466A-AC22-8A7DBFC4B5BF}.Ad-Hoc|iPhoneSimulator.Build.0 = Release|Any CPU
		{96AB56AD-569E-466A-AC22-8A7DBFC4B5BF}.Ad-Hoc|x64.ActiveCfg = Release|Any CPU
		{96AB56AD-569E-466A-AC22-8A7DBFC4B5BF}.Ad-Hoc|x64.Build.0 = Release|Any CPU
		{96AB56AD-569E-466A-AC22-8A7DBFC4B5BF}.Ad-Hoc|x86.ActiveCfg = Release|Any CPU
		{96AB56AD-569E-466A-AC22-8A7DBFC4B5BF}.Ad-Hoc|x86.Build.0 = Release|Any CPU
		{96AB56AD-569E-466A-AC22-8A7DBFC4B5BF}.AppStore|Any CPU.ActiveCfg = Release|Any CPU
		{96AB56AD-569E-466A-AC22-8A7DBFC4B5BF}.AppStore|Any CPU.Build.0 = Release|Any CPU
		{96AB56AD-569E-466A-AC22-8A7DBFC4B5BF}.AppStore|ARM.ActiveCfg = Release|Any CPU
		{96AB56AD-569E-466A-AC22-8A7DBFC4B5BF}.AppStore|ARM.Build.0 = Release|Any CPU
		{96AB56AD-569E-466A-AC22-8A7DBFC4B5BF}.AppStore|iPhone.ActiveCfg = Release|Any CPU
		{96AB56AD-569E-466A-AC22-8A7DBFC4B5BF}.AppStore|iPhone.Build.0 = Release|Any CPU
		{96AB56AD-569E-466A-AC22-8A7DBFC4B5BF}.AppStore|iPhoneSimulator.ActiveCfg = Release|Any CPU
		{96AB56AD-569E-466A-AC22-8A7DBFC4B5BF}.AppStore|iPhoneSimulator.Build.0 = Release|Any CPU
		{96AB56AD-569E-466A-AC22-8A7DBFC4B5BF}.AppStore|x64.ActiveCfg = Release|Any CPU
		{96AB56AD-569E-466A-AC22-8A7DBFC4B5BF}.AppStore|x64.Build.0 = Release|Any CPU
		{96AB56AD-569E-466A-AC22-8A7DBFC4B5BF}.AppStore|x86.ActiveCfg = Release|Any CPU
		{96AB56AD-569E-466A-AC22-8A7DBFC4B5BF}.AppStore|x86.Build.0 = Release|Any CPU
		{96AB56AD-569E-466A-AC22-8A7DBFC4B5BF}.Debug|Any CPU.ActiveCfg = Debug|Any CPU
		{96AB56AD-569E-466A-AC22-8A7DBFC4B5BF}.Debug|Any CPU.Build.0 = Debug|Any CPU
		{96AB56AD-569E-466A-AC22-8A7DBFC4B5BF}.Debug|ARM.ActiveCfg = Debug|Any CPU
		{96AB56AD-569E-466A-AC22-8A7DBFC4B5BF}.Debug|ARM.Build.0 = Debug|Any CPU
		{96AB56AD-569E-466A-AC22-8A7DBFC4B5BF}.Debug|iPhone.ActiveCfg = Debug|Any CPU
		{96AB56AD-569E-466A-AC22-8A7DBFC4B5BF}.Debug|iPhone.Build.0 = Debug|Any CPU
		{96AB56AD-569E-466A-AC22-8A7DBFC4B5BF}.Debug|iPhoneSimulator.ActiveCfg = Debug|Any CPU
		{96AB56AD-569E-466A-AC22-8A7DBFC4B5BF}.Debug|iPhoneSimulator.Build.0 = Debug|Any CPU
		{96AB56AD-569E-466A-AC22-8A7DBFC4B5BF}.Debug|x64.ActiveCfg = Debug|Any CPU
		{96AB56AD-569E-466A-AC22-8A7DBFC4B5BF}.Debug|x64.Build.0 = Debug|Any CPU
		{96AB56AD-569E-466A-AC22-8A7DBFC4B5BF}.Debug|x86.ActiveCfg = Debug|Any CPU
		{96AB56AD-569E-466A-AC22-8A7DBFC4B5BF}.Debug|x86.Build.0 = Debug|Any CPU
		{96AB56AD-569E-466A-AC22-8A7DBFC4B5BF}.Release|Any CPU.ActiveCfg = Release|Any CPU
		{96AB56AD-569E-466A-AC22-8A7DBFC4B5BF}.Release|Any CPU.Build.0 = Release|Any CPU
		{96AB56AD-569E-466A-AC22-8A7DBFC4B5BF}.Release|ARM.ActiveCfg = Release|Any CPU
		{96AB56AD-569E-466A-AC22-8A7DBFC4B5BF}.Release|ARM.Build.0 = Release|Any CPU
		{96AB56AD-569E-466A-AC22-8A7DBFC4B5BF}.Release|iPhone.ActiveCfg = Release|Any CPU
		{96AB56AD-569E-466A-AC22-8A7DBFC4B5BF}.Release|iPhone.Build.0 = Release|Any CPU
		{96AB56AD-569E-466A-AC22-8A7DBFC4B5BF}.Release|iPhoneSimulator.ActiveCfg = Release|Any CPU
		{96AB56AD-569E-466A-AC22-8A7DBFC4B5BF}.Release|iPhoneSimulator.Build.0 = Release|Any CPU
		{96AB56AD-569E-466A-AC22-8A7DBFC4B5BF}.Release|x64.ActiveCfg = Release|Any CPU
		{96AB56AD-569E-466A-AC22-8A7DBFC4B5BF}.Release|x64.Build.0 = Release|Any CPU
		{96AB56AD-569E-466A-AC22-8A7DBFC4B5BF}.Release|x86.ActiveCfg = Release|Any CPU
		{96AB56AD-569E-466A-AC22-8A7DBFC4B5BF}.Release|x86.Build.0 = Release|Any CPU
	EndGlobalSection
	GlobalSection(SolutionProperties) = preSolution
		HideSolutionNode = FALSE
	EndGlobalSection
EndGlobal
